
Microsoft Visual Studio Solution File, Format Version 12.00
# Visual Studio Version 16
VisualStudioVersion = 16.0.30907.101
MinimumVisualStudioVersion = 10.0.40219.1
Project("{FAE04EC0-301F-11D3-BF4B-00C04F79EFBC}") = "LTQL_1721050304", "LTQL_1721050304\LTQL_1721050304.csproj", "{A86277FA-CEC0-4E13-B67D-D79D8C0EE098}"
EndProject
Global
	GlobalSection(SolutionConfigurationPlatforms) = preSolution
		Debug|Any CPU = Debug|Any CPU
		Release|Any CPU = Release|Any CPU
	EndGlobalSection
	GlobalSection(ProjectConfigurationPlatforms) = postSolution
		{A86277FA-CEC0-4E13-B67D-D79D8C0EE098}.Debug|Any CPU.ActiveCfg = Debug|Any CPU
		{A86277FA-CEC0-4E13-B67D-D79D8C0EE098}.Debug|Any CPU.Build.0 = Debug|Any CPU
		{A86277FA-CEC0-4E13-B67D-D79D8C0EE098}.Release|Any CPU.ActiveCfg = Release|Any CPU
		{A86277FA-CEC0-4E13-B67D-D79D8C0EE098}.Release|Any CPU.Build.0 = Release|Any CPU
	EndGlobalSection
	GlobalSection(SolutionProperties) = preSolution
		HideSolutionNode = FALSE
	EndGlobalSection
	GlobalSection(ExtensibilityGlobals) = postSolution
		SolutionGuid = {49AC9B8D-8034-49C3-A83D-46726D96371C}
	EndGlobalSection
EndGlobal
